<?xml version="1.0" encoding="utf-8"?>
<Project ToolsVersion="4.0" xmlns="http://schemas.microsoft.com/developer/msbuild/2003">
  <ItemGroup>
    <Filter Include="Source Files">
      <UniqueIdentifier>{4FC737F1-C7A5-4376-A066-2A32D752A2FF}</UniqueIdentifier>
      <Extensions>cpp;c;cc;cxx;def;odl;idl;hpj;bat;asm;asmx</Extensions>
    </Filter>
    <Filter Include="Header Files">
      <UniqueIdentifier>{93995380-89BD-4b04-88EB-625FBE52EBFB}</UniqueIdentifier>
      <Extensions>h;hpp;hxx;hm;inl;inc;xsd</Extensions>
    </Filter>
    <Filter Include="Resource Files">
      <UniqueIdentifier>{67DA6AB6-F800-4c08-8B7A-83BB121AAD01}</UniqueIdentifier>
      <Extensions>rc;ico;cur;bmp;dlg;rc2;rct;bin;rgs;gif;jpg;jpeg;jpe;resx;tiff;tif;png;wav;mfcribbon-ms</Extensions>
    </Filter>
  </ItemGroup>
  <ItemGroup>
    <ClInclude Include="..\..\I fuckin%27 love meat\I fuckin%27 love meat\CSurface.h">
      <Filter>Header Files</Filter>
    </ClInclude>
    <ClInclude Include="..\..\I fuckin%27 love meat\I fuckin%27 love meat\CApp.h">
      <Filter>Header Files</Filter>
    </ClInclude>
    <ClInclude Include="..\..\I fuckin%27 love meat\I fuckin%27 love meat\CEvent.h">
      <Filter>Header Files</Filter>
    </ClInclude>
    <ClInclude Include="..\..\I fuckin%27 love meat\I fuckin%27 love meat\CAnimation.h">
      <Filter>Header Files</Filter>
    </ClInclude>
    <ClInclude Include="..\..\I fuckin%27 love meat\I fuckin%27 love meat\CEntity.h">
      <Filter>Header Files</Filter>
    </ClInclude>
    <ClInclude Include="..\..\I fuckin%27 love meat\I fuckin%27 love meat\Define.h">
      <Filter>Header Files</Filter>
    </ClInclude>
    <ClInclude Include="..\..\I fuckin%27 love meat\I fuckin%27 love meat\CArea.h">
      <Filter>Header Files</Filter>
    </ClInclude>
    <ClInclude Include="..\..\I fuckin%27 love meat\I fuckin%27 love meat\CMap.h">
      <Filter>Header Files</Filter>
    </ClInclude>
    <ClInclude Include="..\..\I fuckin%27 love meat\I fuckin%27 love meat\CTile.h">
      <Filter>Header Files</Filter>
    </ClInclude>
    <ClInclude Include="..\..\I fuckin%27 love meat\I fuckin%27 love meat\CCamera.h">
      <Filter>Header Files</Filter>
    </ClInclude>
    <ClInclude Include="..\..\I fuckin%27 love meat\I fuckin%27 love meat\CFPS.h">
      <Filter>Header Files</Filter>
    </ClInclude>
    <ClInclude Include="..\..\I fuckin%27 love meat\I fuckin%27 love meat\CPlayer.h">
      <Filter>Header Files</Filter>
    </ClInclude>
    <ClInclude Include="..\..\I fuckin%27 love meat\I fuckin%27 love meat\CMeat.h">
      <Filter>Header Files</Filter>
    </ClInclude>
    <ClInclude Include="..\..\I fuckin%27 love meat\I fuckin%27 love meat\CAppStateManager.h">
      <Filter>Header Files</Filter>
    </ClInclude>
    <ClInclude Include="..\..\I fuckin%27 love meat\I fuckin%27 love meat\CAppState.h">
      <Filter>Header Files</Filter>
    </ClInclude>
    <ClInclude Include="..\..\I fuckin%27 love meat\I fuckin%27 love meat\CAppStateIntro.h">
      <Filter>Header Files</Filter>
    </ClInclude>
    <ClInclude Include="..\..\I fuckin%27 love meat\I fuckin%27 love meat\CAppStateGame.h">
      <Filter>Header Files</Filter>
    </ClInclude>
    <ClInclude Include="..\..\I fuckin%27 love meat\I fuckin%27 love meat\CAppStateMenu.h">
      <Filter>Header Files</Filter>
    </ClInclude>
    <ClInclude Include="..\..\I fuckin%27 love meat\I fuckin%27 love meat\CNpc.h">
      <Filter>Header Files</Filter>
    </ClInclude>
    <ClInclude Include="..\..\I fuckin%27 love meat\I fuckin%27 love meat\CDrumstick.h">
      <Filter>Header Files</Filter>
    </ClInclude>
    <ClInclude Include="..\..\I fuckin%27 love meat\I fuckin%27 love meat\CHam.h">
      <Filter>Header Files</Filter>
    </ClInclude>
    <ClInclude Include="..\..\I fuckin%27 love meat\I fuckin%27 love meat\CMeatGen.h">
      <Filter>Header Files</Filter>
    </ClInclude>
    <ClInclude Include="..\..\I fuckin%27 love meat\I fuckin%27 love meat\CSoundBank.h">
      <Filter>Header Files</Filter>
    </ClInclude>
    <ClInclude Include="..\..\I fuckin%27 love meat\I fuckin%27 love meat\CArea2.h">
      <Filter>Header Files</Filter>
    </ClInclude>
    <ClInclude Include="..\..\I fuckin%27 love meat\I fuckin%27 love meat\CMonster.h">
      <Filter>Header Files</Filter>
    </ClInclude>
    <ClInclude Include="..\..\I fuckin%27 love meat\I fuckin%27 love meat\CMonsterGen.h">
      <Filter>Header Files</Filter>
    </ClInclude>
  </ItemGroup>
  <ItemGroup>
    <ClCompile Include="..\..\I fuckin%27 love meat\I fuckin%27 love meat\CApp.cpp">
      <Filter>Source Files</Filter>
    </ClCompile>
    <ClCompile Include="..\..\I fuckin%27 love meat\I fuckin%27 love meat\CApp_OnInit.cpp">
      <Filter>Source Files</Filter>
    </ClCompile>
    <ClCompile Include="..\..\I fuckin%27 love meat\I fuckin%27 love meat\CApp_OnEvent.cpp">
      <Filter>Source Files</Filter>
    </ClCompile>
    <ClCompile Include="..\..\I fuckin%27 love meat\I fuckin%27 love meat\CApp_OnLoop.cpp">
      <Filter>Source Files</Filter>
    </ClCompile>
    <ClCompile Include="..\..\I fuckin%27 love meat\I fuckin%27 love meat\CApp_OnRender.cpp">
      <Filter>Source Files</Filter>
    </ClCompile>
    <ClCompile Include="..\..\I fuckin%27 love meat\I fuckin%27 love meat\CApp_OnCleanup.cpp">
      <Filter>Source Files</Filter>
    </ClCompile>
    <ClCompile Include="..\..\I fuckin%27 love meat\I fuckin%27 love meat\CSurface.cpp">
      <Filter>Source Files</Filter>
    </ClCompile>
    <ClCompile Include="..\..\I fuckin%27 love meat\I fuckin%27 love meat\CEvent.cpp">
      <Filter>Source Files</Filter>
    </ClCompile>
    <ClCompile Include="..\..\I fuckin%27 love meat\I fuckin%27 love meat\CAnimation.cpp">
      <Filter>Source Files</Filter>
    </ClCompile>
    <ClCompile Include="..\..\I fuckin%27 love meat\I fuckin%27 love meat\CEntity.cpp">
      <Filter>Source Files</Filter>
    </ClCompile>
    <ClCompile Include="..\..\I fuckin%27 love meat\I fuckin%27 love meat\CArea.cpp">
      <Filter>Source Files</Filter>
    </ClCompile>
    <ClCompile Include="..\..\I fuckin%27 love meat\I fuckin%27 love meat\CMap.cpp">
      <Filter>Source Files</Filter>
    </ClCompile>
    <ClCompile Include="..\..\I fuckin%27 love meat\I fuckin%27 love meat\CTile.cpp">
      <Filter>Source Files</Filter>
    </ClCompile>
    <ClCompile Include="..\..\I fuckin%27 love meat\I fuckin%27 love meat\CCamera.cpp">
      <Filter>Source Files</Filter>
    </ClCompile>
    <ClCompile Include="..\..\I fuckin%27 love meat\I fuckin%27 love meat\CFPS.cpp">
      <Filter>Source Files</Filter>
    </ClCompile>
    <ClCompile Include="..\..\I fuckin%27 love meat\I fuckin%27 love meat\CPlayer.cpp">
      <Filter>Source Files</Filter>
    </ClCompile>
    <ClCompile Include="..\..\I fuckin%27 love meat\I fuckin%27 love meat\CMeat.cpp">
      <Filter>Source Files</Filter>
    </ClCompile>
    <ClCompile Include="..\..\I fuckin%27 love meat\I fuckin%27 love meat\CEntityCol.cpp">
      <Filter>Source Files</Filter>
    </ClCompile>
    <ClCompile Include="..\..\I fuckin%27 love meat\I fuckin%27 love meat\CAppStateManager.cpp">
      <Filter>Source Files</Filter>
    </ClCompile>
    <ClCompile Include="..\..\I fuckin%27 love meat\I fuckin%27 love meat\CAppState.cpp">
      <Filter>Source Files</Filter>
    </ClCompile>
    <ClCompile Include="..\..\I fuckin%27 love meat\I fuckin%27 love meat\CAppStateIntro.cpp">
      <Filter>Source Files</Filter>
    </ClCompile>
    <ClCompile Include="..\..\I fuckin%27 love meat\I fuckin%27 love meat\CAppStateGame.cpp">
      <Filter>Source Files</Filter>
    </ClCompile>
    <ClCompile Include="..\..\I fuckin%27 love meat\I fuckin%27 love meat\CAppStateMenu.cpp">
      <Filter>Source Files</Filter>
    </ClCompile>
    <ClCompile Include="..\..\I fuckin%27 love meat\I fuckin%27 love meat\CNpc.cpp">
      <Filter>Source Files</Filter>
    </ClCompile>
    <ClCompile Include="..\..\I fuckin%27 love meat\I fuckin%27 love meat\CDrumstick.cpp">
      <Filter>Source Files</Filter>
    </ClCompile>
    <ClCompile Include="..\..\I fuckin%27 love meat\I fuckin%27 love meat\CHam.cpp">
      <Filter>Source Files</Filter>
    </ClCompile>
    <ClCompile Include="..\..\I fuckin%27 love meat\I fuckin%27 love meat\CMeatGen.cpp">
      <Filter>Source Files</Filter>
    </ClCompile>
    <ClCompile Include="..\..\I fuckin%27 love meat\I fuckin%27 love meat\CSoundBank.cpp">
      <Filter>Source Files</Filter>
    </ClCompile>
    <ClCompile Include="..\..\I fuckin%27 love meat\I fuckin%27 love meat\CArea2.cpp">
      <Filter>Source Files</Filter>
    </ClCompile>
    <ClCompile Include="..\..\I fuckin%27 love meat\I fuckin%27 love meat\CMonster.cpp">
      <Filter>Source Files</Filter>
    </ClCompile>
    <ClCompile Include="..\..\I fuckin%27 love meat\I fuckin%27 love meat\CMonsterGen.cpp">
      <Filter>Source Files</Filter>
    </ClCompile>
  </ItemGroup>
</Project>